
Microsoft Visual Studio Solution File, Format Version 12.00
# Visual Studio Version 16
VisualStudioVersion = 16.0.31605.320
MinimumVisualStudioVersion = 10.0.40219.1
Project("{FAE04EC0-301F-11D3-BF4B-00C04F79EFBC}") = "Screen Ripper", "Screen Ripper\Screen Ripper.csproj", "{C9DC6678-BA99-46D5-9873-5125B9CA0E70}"
EndProject
Global
	GlobalSection(SolutionConfigurationPlatforms) = preSolution
		Debug|Any CPU = Debug|Any CPU
		Release|Any CPU = Release|Any CPU
	EndGlobalSection
	GlobalSection(ProjectConfigurationPlatforms) = postSolution
		{C9DC6678-BA99-46D5-9873-5125B9CA0E70}.Debug|Any CPU.ActiveCfg = Debug|Any CPU
		{C9DC6678-BA99-46D5-9873-5125B9CA0E70}.Debug|Any CPU.Build.0 = Debug|Any CPU
		{C9DC6678-BA99-46D5-9873-5125B9CA0E70}.Release|Any CPU.ActiveCfg = Release|Any CPU
		{C9DC6678-BA99-46D5-9873-5125B9CA0E70}.Release|Any CPU.Build.0 = Release|Any CPU
	EndGlobalSection
	GlobalSection(SolutionProperties) = preSolution
		HideSolutionNode = FALSE
	EndGlobalSection
	GlobalSection(ExtensibilityGlobals) = postSolution
		SolutionGuid = {BC851DF9-B894-4CC0-8791-D5494E6199CE}
	EndGlobalSection
EndGlobal
